{
  "name": "blockchain",
  "lockfileVersion": 3,
  "requires": true,
  "packages": {
    "": {
      "dependencies": {
        "@gelatonetwork/relay-context": "^3.0.0",
        "@openzeppelin/contracts": "^4.7.0"
      }
    },
    "node_modules/@gelatonetwork/relay-context": {
      "version": "3.0.0",
      "resolved": "https://registry.npmjs.org/@gelatonetwork/relay-context/-/relay-context-3.0.0.tgz",
      "integrity": "sha512-8po1o6dTFdNzcK38z6lw9aYE7STxliTfBpyA03jsGnlm5umpuImQ85IJuAs6FWo35xfbcxulwoLx9BRCQpEkFQ==",
      "dependencies": {
        "@openzeppelin/contracts": "4.8.3"
      }
    },
    "node_modules/@openzeppelin/contracts": {
      "version": "4.8.3",
      "resolved": "https://registry.npmjs.org/@openzeppelin/contracts/-/contracts-4.8.3.tgz",
      "integrity": "sha512-bQHV8R9Me8IaJoJ2vPG4rXcL7seB7YVuskr4f+f5RyOStSZetwzkWtoqDMl5erkBJy0lDRUnIR2WIkPiC0GJlg=="
    }
  }
}
